{
  "name": "mandela-effect-project-codename-ink",
  "version": "1.0.0",
  "lockfileVersion": 2,
  "requires": true,
  "packages": {
    "": {
      "name": "mandela-effect-project-codename-ink",
      "version": "1.0.0",
      "license": "ISC",
      "dependencies": {
        "humanhash": "^1.0.4",
        "js-sha256": "^0.10.1"
      }
    },
    "node_modules/humanhash": {
      "version": "1.0.4",
      "resolved": "https://registry.npmjs.org/humanhash/-/humanhash-1.0.4.tgz",
      "integrity": "sha512-fxOhEl/Ezv7PobYOTomDmQKWaSC0hk0mzl5et5McPtr+6LRBP7LYoeFLPjKW6xOSGmMNLj50BufrrgX+M5EvEA==",
      "dependencies": {
        "uuid": "^3.3.2"
      }
    },
    "node_modules/js-sha256": {
      "version": "0.10.1",
      "resolved": "https://registry.npmjs.org/js-sha256/-/js-sha256-0.10.1.tgz",
      "integrity": "sha512-5obBtsz9301ULlsgggLg542s/jqtddfOpV5KJc4hajc9JV8GeY2gZHSVpYBn4nWqAUTJ9v+xwtbJ1mIBgIH5Vw=="
    },
    "node_modules/uuid": {
      "version": "3.4.0",
      "resolved": "https://registry.npmjs.org/uuid/-/uuid-3.4.0.tgz",
      "integrity": "sha512-HjSDRw6gZE5JMggctHBcjVak08+KEVhSIiDzFnT9S9aegmp85S/bReBVTb4QTFaRNptJ9kuYaNhnbNEOkbKb/A==",
      "deprecated": "Please upgrade  to version 7 or higher.  Older versions may use Math.random() in certain circumstances, which is known to be problematic.  See https://v8.dev/blog/math-random for details.",
      "bin": {
        "uuid": "bin/uuid"
      }
    }
  },
  "dependencies": {
    "humanhash": {
      "version": "1.0.4",
      "resolved": "https://registry.npmjs.org/humanhash/-/humanhash-1.0.4.tgz",
      "integrity": "sha512-fxOhEl/Ezv7PobYOTomDmQKWaSC0hk0mzl5et5McPtr+6LRBP7LYoeFLPjKW6xOSGmMNLj50BufrrgX+M5EvEA==",
      "requires": {
        "uuid": "^3.3.2"
      }
    },
    "js-sha256": {
      "version": "0.10.1",
      "resolved": "https://registry.npmjs.org/js-sha256/-/js-sha256-0.10.1.tgz",
      "integrity": "sha512-5obBtsz9301ULlsgggLg542s/jqtddfOpV5KJc4hajc9JV8GeY2gZHSVpYBn4nWqAUTJ9v+xwtbJ1mIBgIH5Vw=="
    },
    "uuid": {
      "version": "3.4.0",
      "resolved": "https://registry.npmjs.org/uuid/-/uuid-3.4.0.tgz",
      "integrity": "sha512-HjSDRw6gZE5JMggctHBcjVak08+KEVhSIiDzFnT9S9aegmp85S/bReBVTb4QTFaRNptJ9kuYaNhnbNEOkbKb/A=="
    }
  }
}
